name: memlock
repo: https://github.com/Sahil-SS9/hermes-memlock
sha: 05f6d0faaa7cbf9a804a6cd7c119c49e7eb5c938
description: Reasserts pinned standing instructions after context compaction.
maintainer: Sahil-SS9
tier: community
category: tools
requires_hermes: ">=0.21"
docs_url: https://github.com/Sahil-SS9/hermes-memlock
platforms: []
capabilities:
  provides_tools: []
  provides_hooks:
    - pre_llm_call
    - on_session_start
    - on_session_end
  provides_middleware: []
  requires_env: []
